
Microsoft Visual Studio Solution File, Format Version 12.00
# Visual Studio Version 17
VisualStudioVersion = 17.0.31903.59
MinimumVisualStudioVersion = 10.0.40219.1
Project("{FAE04EC0-301F-11D3-BF4B-00C04F79EFBC}") = "Tennis", "Tennis\Tennis.csproj", "{A087728E-5F37-4790-8382-E17A16DC519A}"
EndProject
Project("{FAE04EC0-301F-11D3-BF4B-00C04F79EFBC}") = "Tennis.Tests", "Tennis.Tests\Tennis.Tests.csproj", "{F8EF2798-315A-4857-8DB1-A62B38D1F26E}"
EndProject
Global
	GlobalSection(SolutionConfigurationPlatforms) = preSolution
		Debug|Any CPU = Debug|Any CPU
		Release|Any CPU = Release|Any CPU
	EndGlobalSection
	GlobalSection(SolutionProperties) = preSolution
		HideSolutionNode = FALSE
	EndGlobalSection
	GlobalSection(ProjectConfigurationPlatforms) = postSolution
		{A087728E-5F37-4790-8382-E17A16DC519A}.Debug|Any CPU.ActiveCfg = Debug|Any CPU
		{A087728E-5F37-4790-8382-E17A16DC519A}.Debug|Any CPU.Build.0 = Debug|Any CPU
		{A087728E-5F37-4790-8382-E17A16DC519A}.Release|Any CPU.ActiveCfg = Release|Any CPU
		{A087728E-5F37-4790-8382-E17A16DC519A}.Release|Any CPU.Build.0 = Release|Any CPU
		{F8EF2798-315A-4857-8DB1-A62B38D1F26E}.Debug|Any CPU.ActiveCfg = Debug|Any CPU
		{F8EF2798-315A-4857-8DB1-A62B38D1F26E}.Debug|Any CPU.Build.0 = Debug|Any CPU
		{F8EF2798-315A-4857-8DB1-A62B38D1F26E}.Release|Any CPU.ActiveCfg = Release|Any CPU
		{F8EF2798-315A-4857-8DB1-A62B38D1F26E}.Release|Any CPU.Build.0 = Release|Any CPU
	EndGlobalSection
EndGlobal
